
Microsoft Visual Studio Solution File, Format Version 12.00
# Visual Studio Version 17
VisualStudioVersion = 17.13.35931.197 d17.13
MinimumVisualStudioVersion = 10.0.40219.1
Project("{FAE04EC0-301F-11D3-BF4B-00C04F79EFBC}") = "CadParcial2Derh", "CadParcial2Derh\CadParcial2Derh.csproj", "{94475F73-F74F-4B9E-A6F2-6612F83B2931}"
EndProject
Project("{FAE04EC0-301F-11D3-BF4B-00C04F79EFBC}") = "ClnParcial2Derh", "ClnParcial2Derh\ClnParcial2Derh.csproj", "{90D17103-14CD-4061-BCFD-744B943E3E61}"
EndProject
Project("{FAE04EC0-301F-11D3-BF4B-00C04F79EFBC}") = "CpParcial2Derh", "CpParcial2Derh\CpParcial2Derh.csproj", "{AB666D7D-EF83-416B-BBDD-E8A8F559E0D3}"
EndProject
Global
	GlobalSection(SolutionConfigurationPlatforms) = preSolution
		Debug|Any CPU = Debug|Any CPU
		Release|Any CPU = Release|Any CPU
	EndGlobalSection
	GlobalSection(ProjectConfigurationPlatforms) = postSolution
		{94475F73-F74F-4B9E-A6F2-6612F83B2931}.Debug|Any CPU.ActiveCfg = Debug|Any CPU
		{94475F73-F74F-4B9E-A6F2-6612F83B2931}.Debug|Any CPU.Build.0 = Debug|Any CPU
		{94475F73-F74F-4B9E-A6F2-6612F83B2931}.Release|Any CPU.ActiveCfg = Release|Any CPU
		{94475F73-F74F-4B9E-A6F2-6612F83B2931}.Release|Any CPU.Build.0 = Release|Any CPU
		{90D17103-14CD-4061-BCFD-744B943E3E61}.Debug|Any CPU.ActiveCfg = Debug|Any CPU
		{90D17103-14CD-4061-BCFD-744B943E3E61}.Debug|Any CPU.Build.0 = Debug|Any CPU
		{90D17103-14CD-4061-BCFD-744B943E3E61}.Release|Any CPU.ActiveCfg = Release|Any CPU
		{90D17103-14CD-4061-BCFD-744B943E3E61}.Release|Any CPU.Build.0 = Release|Any CPU
		{AB666D7D-EF83-416B-BBDD-E8A8F559E0D3}.Debug|Any CPU.ActiveCfg = Debug|Any CPU
		{AB666D7D-EF83-416B-BBDD-E8A8F559E0D3}.Debug|Any CPU.Build.0 = Debug|Any CPU
		{AB666D7D-EF83-416B-BBDD-E8A8F559E0D3}.Release|Any CPU.ActiveCfg = Release|Any CPU
		{AB666D7D-EF83-416B-BBDD-E8A8F559E0D3}.Release|Any CPU.Build.0 = Release|Any CPU
	EndGlobalSection
	GlobalSection(SolutionProperties) = preSolution
		HideSolutionNode = FALSE
	EndGlobalSection
	GlobalSection(ExtensibilityGlobals) = postSolution
		SolutionGuid = {357C0218-E264-49E5-84AA-D9AB109D96E8}
	EndGlobalSection
EndGlobal
